
Microsoft Visual Studio Solution File, Format Version 12.00
# Visual Studio Version 17
VisualStudioVersion = 17.6.33723.286
MinimumVisualStudioVersion = 10.0.40219.1
Project("{FAE04EC0-301F-11D3-BF4B-00C04F79EFBC}") = "WindowsFormsApp7", "WindowsFormsApp7\WindowsFormsApp7.csproj", "{76C3ED97-D248-4031-9A42-23F4C1A4380B}"
EndProject
Global
	GlobalSection(SolutionConfigurationPlatforms) = preSolution
		Debug|Any CPU = Debug|Any CPU
		Release|Any CPU = Release|Any CPU
	EndGlobalSection
	GlobalSection(ProjectConfigurationPlatforms) = postSolution
		{76C3ED97-D248-4031-9A42-23F4C1A4380B}.Debug|Any CPU.ActiveCfg = Debug|Any CPU
		{76C3ED97-D248-4031-9A42-23F4C1A4380B}.Debug|Any CPU.Build.0 = Debug|Any CPU
		{76C3ED97-D248-4031-9A42-23F4C1A4380B}.Release|Any CPU.ActiveCfg = Release|Any CPU
		{76C3ED97-D248-4031-9A42-23F4C1A4380B}.Release|Any CPU.Build.0 = Release|Any CPU
	EndGlobalSection
	GlobalSection(SolutionProperties) = preSolution
		HideSolutionNode = FALSE
	EndGlobalSection
	GlobalSection(ExtensibilityGlobals) = postSolution
		SolutionGuid = {D0E4DD77-761E-4076-83DF-2F320D05778F}
	EndGlobalSection
EndGlobal
